
Microsoft Visual Studio Solution File, Format Version 12.00
# Visual Studio 14
VisualStudioVersion = 14.0.25420.1
MinimumVisualStudioVersion = 10.0.40219.1
Project("{8BC9CEB8-8B4A-11D0-8D11-00A0C91BC942}") = "OpenGLFramework", "OpenGLFramework\OpenGLFramework.vcxproj", "{7368AF22-0AC1-402D-8387-9E98C0B2C2C2}"
EndProject
Project("{8BC9CEB8-8B4A-11D0-8D11-00A0C91BC942}") = "Application", "Application\Application.vcxproj", "{01389940-7DEA-422A-B7FC-3ADC21EBE78F}"
	ProjectSection(ProjectDependencies) = postProject
		{7368AF22-0AC1-402D-8387-9E98C0B2C2C2} = {7368AF22-0AC1-402D-8387-9E98C0B2C2C2}
	EndProjectSection
EndProject
Project("{8BC9CEB8-8B4A-11D0-8D11-00A0C91BC942}") = "UIQT", "UIQT\UIQT.vcxproj", "{B12702AD-ABFB-343A-A199-8E24837244A3}"
	ProjectSection(ProjectDependencies) = postProject
		{7368AF22-0AC1-402D-8387-9E98C0B2C2C2} = {7368AF22-0AC1-402D-8387-9E98C0B2C2C2}
	EndProjectSection
EndProject
Global
	GlobalSection(SolutionConfigurationPlatforms) = preSolution
		Debug|x64 = Debug|x64
		Debug|x86 = Debug|x86
		Release|x64 = Release|x64
		Release|x86 = Release|x86
	EndGlobalSection
	GlobalSection(ProjectConfigurationPlatforms) = postSolution
		{7368AF22-0AC1-402D-8387-9E98C0B2C2C2}.Debug|x64.ActiveCfg = Debug|x64
		{7368AF22-0AC1-402D-8387-9E98C0B2C2C2}.Debug|x64.Build.0 = Debug|x64
		{7368AF22-0AC1-402D-8387-9E98C0B2C2C2}.Debug|x86.ActiveCfg = Debug|Win32
		{7368AF22-0AC1-402D-8387-9E98C0B2C2C2}.Debug|x86.Build.0 = Debug|Win32
		{7368AF22-0AC1-402D-8387-9E98C0B2C2C2}.Release|x64.ActiveCfg = Release|Win32
		{7368AF22-0AC1-402D-8387-9E98C0B2C2C2}.Release|x64.Build.0 = Release|Win32
		{7368AF22-0AC1-402D-8387-9E98C0B2C2C2}.Release|x86.ActiveCfg = Release|Win32
		{7368AF22-0AC1-402D-8387-9E98C0B2C2C2}.Release|x86.Build.0 = Release|Win32
		{01389940-7DEA-422A-B7FC-3ADC21EBE78F}.Debug|x64.ActiveCfg = Debug|x64
		{01389940-7DEA-422A-B7FC-3ADC21EBE78F}.Debug|x64.Build.0 = Debug|x64
		{01389940-7DEA-422A-B7FC-3ADC21EBE78F}.Debug|x86.ActiveCfg = Debug|Win32
		{01389940-7DEA-422A-B7FC-3ADC21EBE78F}.Debug|x86.Build.0 = Debug|Win32
		{01389940-7DEA-422A-B7FC-3ADC21EBE78F}.Release|x64.ActiveCfg = Release|Win32
		{01389940-7DEA-422A-B7FC-3ADC21EBE78F}.Release|x64.Build.0 = Release|Win32
		{01389940-7DEA-422A-B7FC-3ADC21EBE78F}.Release|x86.ActiveCfg = Release|Win32
		{01389940-7DEA-422A-B7FC-3ADC21EBE78F}.Release|x86.Build.0 = Release|Win32
		{B12702AD-ABFB-343A-A199-8E24837244A3}.Debug|x64.ActiveCfg = Debug|x64
		{B12702AD-ABFB-343A-A199-8E24837244A3}.Debug|x64.Build.0 = Debug|x64
		{B12702AD-ABFB-343A-A199-8E24837244A3}.Debug|x86.ActiveCfg = Debug|Win32
		{B12702AD-ABFB-343A-A199-8E24837244A3}.Debug|x86.Build.0 = Debug|Win32
		{B12702AD-ABFB-343A-A199-8E24837244A3}.Release|x64.ActiveCfg = Release|Win32
		{B12702AD-ABFB-343A-A199-8E24837244A3}.Release|x64.Build.0 = Release|Win32
		{B12702AD-ABFB-343A-A199-8E24837244A3}.Release|x86.ActiveCfg = Release|Win32
		{B12702AD-ABFB-343A-A199-8E24837244A3}.Release|x86.Build.0 = Release|Win32
	EndGlobalSection
	GlobalSection(SolutionProperties) = preSolution
		HideSolutionNode = FALSE
	EndGlobalSection
EndGlobal
