<?xml version="1.0" encoding="utf-8"?>
<Project ToolsVersion="4.0" xmlns="http://schemas.microsoft.com/developer/msbuild/2003">
  <ItemGroup>
    <Filter Include="Framework">
      <UniqueIdentifier>{af2252cf-4605-4a3b-98a5-2773397e26b9}</UniqueIdentifier>
    </Filter>
    <Filter Include="Camera">
      <UniqueIdentifier>{ea8b3490-2606-4d98-aea5-e709c332c9ab}</UniqueIdentifier>
    </Filter>
    <Filter Include="IO">
      <UniqueIdentifier>{3f3153d8-d1b6-44fe-8187-b85a6b0e8092}</UniqueIdentifier>
    </Filter>
    <Filter Include="Rendering">
      <UniqueIdentifier>{f15a0f54-a518-4832-9e7e-e49a13dce7c7}</UniqueIdentifier>
    </Filter>
    <Filter Include="Shaders">
      <UniqueIdentifier>{849cf495-0702-48f5-a3e3-41e0615a6fbe}</UniqueIdentifier>
    </Filter>
    <Filter Include="Text">
      <UniqueIdentifier>{00a07d06-8435-4f1d-9290-a226e034bfd1}</UniqueIdentifier>
    </Filter>
    <Filter Include="Utils">
      <UniqueIdentifier>{6a8306b8-4c2f-4a71-8cd7-16ef6a585f07}</UniqueIdentifier>
    </Filter>
    <Filter Include="Dependencies">
      <UniqueIdentifier>{73fe41eb-85fa-4bf5-ab72-c94d2a505683}</UniqueIdentifier>
    </Filter>
    <Filter Include="Interface">
      <UniqueIdentifier>{4f6f0acf-5129-4161-a046-f5367bafc38e}</UniqueIdentifier>
    </Filter>
    <Filter Include="Input">
      <UniqueIdentifier>{b40b1347-ee25-4134-a66e-609875887a39}</UniqueIdentifier>
    </Filter>
    <Filter Include="Math">
      <UniqueIdentifier>{611c1ab6-cecb-4e1c-b5ff-04810b7ce8a8}</UniqueIdentifier>
    </Filter>
    <Filter Include="UI">
      <UniqueIdentifier>{03087500-206b-4d7b-8254-d1fa7b1eef97}</UniqueIdentifier>
    </Filter>
    <Filter Include="Physics">
      <UniqueIdentifier>{217513a4-89db-4089-acc7-bd4f1e852965}</UniqueIdentifier>
    </Filter>
  </ItemGroup>
  <ItemGroup>
    <ClCompile Include="Framework\OpenGL.cpp">
      <Filter>Framework</Filter>
    </ClCompile>
    <ClCompile Include="Framework\Skybox.cpp">
      <Filter>Framework</Filter>
    </ClCompile>
    <ClCompile Include="Framework\Window.cpp">
      <Filter>Framework</Filter>
    </ClCompile>
    <ClCompile Include="Camera\Camera.cpp">
      <Filter>Camera</Filter>
    </ClCompile>
    <ClCompile Include="IO\MeshLoader.cpp">
      <Filter>IO</Filter>
    </ClCompile>
    <ClCompile Include="IO\ShaderLoader.cpp">
      <Filter>IO</Filter>
    </ClCompile>
    <ClCompile Include="IO\TextureLoader.cpp">
      <Filter>IO</Filter>
    </ClCompile>
    <ClCompile Include="Utils\Vertex.cpp">
      <Filter>Utils</Filter>
    </ClCompile>
    <ClCompile Include="Text\Text.cpp">
      <Filter>Text</Filter>
    </ClCompile>
    <ClCompile Include="Text\TextHolder.cpp">
      <Filter>Text</Filter>
    </ClCompile>
    <ClCompile Include="Rendering\AdvancedShader.cpp">
      <Filter>Rendering</Filter>
    </ClCompile>
    <ClCompile Include="Rendering\BasicShader.cpp">
      <Filter>Rendering</Filter>
    </ClCompile>
    <ClCompile Include="Rendering\Mesh.cpp">
      <Filter>Rendering</Filter>
    </ClCompile>
    <ClCompile Include="Rendering\Model.cpp">
      <Filter>Rendering</Filter>
    </ClCompile>
    <ClCompile Include="Rendering\SkyboxShader.cpp">
      <Filter>Rendering</Filter>
    </ClCompile>
    <ClCompile Include="Input\InputHandler.cpp">
      <Filter>Input</Filter>
    </ClCompile>
    <ClCompile Include="Framework\BaseObject.cpp">
      <Filter>Framework</Filter>
    </ClCompile>
    <ClCompile Include="Rendering\BaseShader.cpp">
      <Filter>Rendering</Filter>
    </ClCompile>
    <ClCompile Include="Math\Matrix4.cpp">
      <Filter>Math</Filter>
    </ClCompile>
    <ClCompile Include="Math\Quaternion.cpp">
      <Filter>Math</Filter>
    </ClCompile>
    <ClCompile Include="Math\Vector3.cpp">
      <Filter>Math</Filter>
    </ClCompile>
    <ClCompile Include="Math\Vector2.cpp">
      <Filter>Math</Filter>
    </ClCompile>
    <ClCompile Include="Math\Matrix3.cpp">
      <Filter>Math</Filter>
    </ClCompile>
    <ClCompile Include="Framework\Light.cpp">
      <Filter>Framework</Filter>
    </ClCompile>
    <ClCompile Include="Framework\Square.cpp">
      <Filter>Framework</Filter>
    </ClCompile>
    <ClCompile Include="Framework\Triangle.cpp">
      <Filter>Framework</Filter>
    </ClCompile>
    <ClCompile Include="Rendering\ColorShader.cpp">
      <Filter>Rendering</Filter>
    </ClCompile>
    <ClCompile Include="Utils\Log.cpp">
      <Filter>Utils</Filter>
    </ClCompile>
    <ClCompile Include="IO\MeshBank.cpp">
      <Filter>IO</Filter>
    </ClCompile>
    <ClCompile Include="IO\TextureBank.cpp">
      <Filter>IO</Filter>
    </ClCompile>
    <ClCompile Include="UI\Command.cpp">
      <Filter>UI</Filter>
    </ClCompile>
    <ClCompile Include="UI\CommandStack.cpp">
      <Filter>UI</Filter>
    </ClCompile>
    <ClCompile Include="UI\UIBaseObjectPopup.cpp">
      <Filter>UI</Filter>
    </ClCompile>
    <ClCompile Include="UI\UICircle.cpp">
      <Filter>UI</Filter>
    </ClCompile>
    <ClCompile Include="UI\UIHierarchyPopup.cpp">
      <Filter>UI</Filter>
    </ClCompile>
    <ClCompile Include="UI\UILine.cpp">
      <Filter>UI</Filter>
    </ClCompile>
    <ClCompile Include="UI\UIPopup.cpp">
      <Filter>UI</Filter>
    </ClCompile>
    <ClCompile Include="UI\UIShape.cpp">
      <Filter>UI</Filter>
    </ClCompile>
    <ClCompile Include="UI\UISquare.cpp">
      <Filter>UI</Filter>
    </ClCompile>
    <ClCompile Include="Physics\PhysicsWorld.cpp">
      <Filter>Physics</Filter>
    </ClCompile>
    <ClCompile Include="Physics\Rigidbody.cpp">
      <Filter>Physics</Filter>
    </ClCompile>
    <ClCompile Include="Framework\Component.cpp">
      <Filter>Framework</Filter>
    </ClCompile>
    <ClCompile Include="Rendering\Renderer.cpp">
      <Filter>Rendering</Filter>
    </ClCompile>
  </ItemGroup>
  <ItemGroup>
    <ClInclude Include="Framework\OpenGL.h">
      <Filter>Framework</Filter>
    </ClInclude>
    <ClInclude Include="Framework\Skybox.h">
      <Filter>Framework</Filter>
    </ClInclude>
    <ClInclude Include="Framework\Window.h">
      <Filter>Framework</Filter>
    </ClInclude>
    <ClInclude Include="Camera\Camera.h">
      <Filter>Camera</Filter>
    </ClInclude>
    <ClInclude Include="IO\MeshLoader.h">
      <Filter>IO</Filter>
    </ClInclude>
    <ClInclude Include="IO\ShaderLoader.h">
      <Filter>IO</Filter>
    </ClInclude>
    <ClInclude Include="IO\TextureLoader.h">
      <Filter>IO</Filter>
    </ClInclude>
    <ClInclude Include="Utils\Color.h">
      <Filter>Utils</Filter>
    </ClInclude>
    <ClInclude Include="Utils\Composite.h">
      <Filter>Utils</Filter>
    </ClInclude>
    <ClInclude Include="Utils\DynamicArray.h">
      <Filter>Utils</Filter>
    </ClInclude>
    <ClInclude Include="Utils\DynamicArray.hpp">
      <Filter>Utils</Filter>
    </ClInclude>
    <ClInclude Include="Utils\Vertex.h">
      <Filter>Utils</Filter>
    </ClInclude>
    <ClInclude Include="Utils\VertexType.h">
      <Filter>Utils</Filter>
    </ClInclude>
    <ClInclude Include="Text\Text.h">
      <Filter>Text</Filter>
    </ClInclude>
    <ClInclude Include="Text\TextHolder.h">
      <Filter>Text</Filter>
    </ClInclude>
    <ClInclude Include="Rendering\AdvancedShader.h">
      <Filter>Rendering</Filter>
    </ClInclude>
    <ClInclude Include="Rendering\BasicShader.h">
      <Filter>Rendering</Filter>
    </ClInclude>
    <ClInclude Include="Rendering\Mesh.h">
      <Filter>Rendering</Filter>
    </ClInclude>
    <ClInclude Include="Rendering\Model.h">
      <Filter>Rendering</Filter>
    </ClInclude>
    <ClInclude Include="Rendering\SkyboxShader.h">
      <Filter>Rendering</Filter>
    </ClInclude>
    <ClInclude Include="stdafx.h" />
    <ClInclude Include="Framework\BaseObject.h">
      <Filter>Framework</Filter>
    </ClInclude>
    <ClInclude Include="Input\InputHandler.h">
      <Filter>Input</Filter>
    </ClInclude>
    <ClInclude Include="Interface\IScene.h">
      <Filter>Interface</Filter>
    </ClInclude>
    <ClInclude Include="Interface\IShader.h">
      <Filter>Interface</Filter>
    </ClInclude>
    <ClInclude Include="Utils\Composite.hpp">
      <Filter>Utils</Filter>
    </ClInclude>
    <ClInclude Include="Rendering\BaseShader.h">
      <Filter>Rendering</Filter>
    </ClInclude>
    <ClInclude Include="Math\Matrix4.h">
      <Filter>Math</Filter>
    </ClInclude>
    <ClInclude Include="Math\Quaternion.h">
      <Filter>Math</Filter>
    </ClInclude>
    <ClInclude Include="Math\Vector3.h">
      <Filter>Math</Filter>
    </ClInclude>
    <ClInclude Include="Math\Vector2.h">
      <Filter>Math</Filter>
    </ClInclude>
    <ClInclude Include="Math\Matrix3.h">
      <Filter>Math</Filter>
    </ClInclude>
    <ClInclude Include="Framework\Light.h">
      <Filter>Framework</Filter>
    </ClInclude>
    <ClInclude Include="Framework\Square.h">
      <Filter>Framework</Filter>
    </ClInclude>
    <ClInclude Include="Framework\Triangle.h">
      <Filter>Framework</Filter>
    </ClInclude>
    <ClInclude Include="Interface\ICamera.h">
      <Filter>Interface</Filter>
    </ClInclude>
    <ClInclude Include="Rendering\ColorShader.h">
      <Filter>Rendering</Filter>
    </ClInclude>
    <ClInclude Include="Interface\IWindow.h">
      <Filter>Interface</Filter>
    </ClInclude>
    <ClInclude Include="Utils\Log.h">
      <Filter>Utils</Filter>
    </ClInclude>
    <ClInclude Include="IO\MeshBank.h">
      <Filter>IO</Filter>
    </ClInclude>
    <ClInclude Include="IO\TextureBank.h">
      <Filter>IO</Filter>
    </ClInclude>
    <ClInclude Include="UI\Command.h">
      <Filter>UI</Filter>
    </ClInclude>
    <ClInclude Include="UI\CommandStack.h">
      <Filter>UI</Filter>
    </ClInclude>
    <ClInclude Include="UI\UIBaseObjectPopup.h">
      <Filter>UI</Filter>
    </ClInclude>
    <ClInclude Include="UI\UICircle.h">
      <Filter>UI</Filter>
    </ClInclude>
    <ClInclude Include="UI\UIHierarchyPopup.h">
      <Filter>UI</Filter>
    </ClInclude>
    <ClInclude Include="UI\UILine.h">
      <Filter>UI</Filter>
    </ClInclude>
    <ClInclude Include="UI\UIPopup.h">
      <Filter>UI</Filter>
    </ClInclude>
    <ClInclude Include="UI\UIShape.h">
      <Filter>UI</Filter>
    </ClInclude>
    <ClInclude Include="UI\UISquare.h">
      <Filter>UI</Filter>
    </ClInclude>
    <ClInclude Include="Interface\ICommandStack.h">
      <Filter>Interface</Filter>
    </ClInclude>
    <ClInclude Include="Physics\PhysicsWorld.h">
      <Filter>Physics</Filter>
    </ClInclude>
    <ClInclude Include="Physics\Rigidbody.h">
      <Filter>Physics</Filter>
    </ClInclude>
    <ClInclude Include="Framework\Component.h">
      <Filter>Framework</Filter>
    </ClInclude>
    <ClInclude Include="Rendering\Renderer.h">
      <Filter>Rendering</Filter>
    </ClInclude>
    <ClInclude Include="resource.h" />
    <ClInclude Include="Interface\IUIInterface.h">
      <Filter>Interface</Filter>
    </ClInclude>
  </ItemGroup>
  <ItemGroup>
    <None Include="Shaders\advanced.frag">
      <Filter>Shaders</Filter>
    </None>
    <None Include="Shaders\advanced.vert">
      <Filter>Shaders</Filter>
    </None>
    <None Include="Shaders\basic.frag">
      <Filter>Shaders</Filter>
    </None>
    <None Include="Shaders\basic.vert">
      <Filter>Shaders</Filter>
    </None>
    <None Include="Shaders\skybox.frag">
      <Filter>Shaders</Filter>
    </None>
    <None Include="Shaders\skybox.vert">
      <Filter>Shaders</Filter>
    </None>
    <None Include="Shaders\color.frag">
      <Filter>Shaders</Filter>
    </None>
    <None Include="Shaders\color.vert">
      <Filter>Shaders</Filter>
    </None>
  </ItemGroup>
  <ItemGroup>
    <ResourceCompile Include="OpenGLFramework.rc" />
  </ItemGroup>
</Project>